
Microsoft Visual Studio Solution File, Format Version 12.00
# Visual Studio Version 17
VisualStudioVersion = 17.6.33829.357
MinimumVisualStudioVersion = 10.0.40219.1
Project("{FAE04EC0-301F-11D3-BF4B-00C04F79EFBC}") = "DistributionWarehouse", "DistributionWarehouse\DistributionWarehouse.csproj", "{4A2273A5-BDA9-43CB-82D3-1F292FF7FAC8}"
EndProject
Global
	GlobalSection(SolutionConfigurationPlatforms) = preSolution
		Debug|Any CPU = Debug|Any CPU
		Release|Any CPU = Release|Any CPU
	EndGlobalSection
	GlobalSection(ProjectConfigurationPlatforms) = postSolution
		{4A2273A5-BDA9-43CB-82D3-1F292FF7FAC8}.Debug|Any CPU.ActiveCfg = Debug|Any CPU
		{4A2273A5-BDA9-43CB-82D3-1F292FF7FAC8}.Debug|Any CPU.Build.0 = Debug|Any CPU
		{4A2273A5-BDA9-43CB-82D3-1F292FF7FAC8}.Release|Any CPU.ActiveCfg = Release|Any CPU
		{4A2273A5-BDA9-43CB-82D3-1F292FF7FAC8}.Release|Any CPU.Build.0 = Release|Any CPU
	EndGlobalSection
	GlobalSection(SolutionProperties) = preSolution
		HideSolutionNode = FALSE
	EndGlobalSection
	GlobalSection(ExtensibilityGlobals) = postSolution
		SolutionGuid = {94152604-7B20-48BE-B3F1-27DA3644411B}
	EndGlobalSection
EndGlobal
