
Microsoft Visual Studio Solution File, Format Version 12.00
# Visual Studio Version 17
VisualStudioVersion = 17.6.33829.357
MinimumVisualStudioVersion = 10.0.40219.1
Project("{9A19103F-16F7-4668-BE54-9A1E7A4F7556}") = "MsTests", "SeleniumWebDriver\MsTests.csproj", "{B29D55CC-7B5C-45F6-94CF-BC59A60799EC}"
EndProject
Project("{9A19103F-16F7-4668-BE54-9A1E7A4F7556}") = "NUnitTests", "NUnitTests\NUnitTests.csproj", "{5534BBF4-EF1E-4094-A510-11A3A969EA8A}"
EndProject
Global
	GlobalSection(SolutionConfigurationPlatforms) = preSolution
		Debug|Any CPU = Debug|Any CPU
		Release|Any CPU = Release|Any CPU
	EndGlobalSection
	GlobalSection(ProjectConfigurationPlatforms) = postSolution
		{B29D55CC-7B5C-45F6-94CF-BC59A60799EC}.Debug|Any CPU.ActiveCfg = Debug|Any CPU
		{B29D55CC-7B5C-45F6-94CF-BC59A60799EC}.Debug|Any CPU.Build.0 = Debug|Any CPU
		{B29D55CC-7B5C-45F6-94CF-BC59A60799EC}.Release|Any CPU.ActiveCfg = Release|Any CPU
		{B29D55CC-7B5C-45F6-94CF-BC59A60799EC}.Release|Any CPU.Build.0 = Release|Any CPU
		{5534BBF4-EF1E-4094-A510-11A3A969EA8A}.Debug|Any CPU.ActiveCfg = Debug|Any CPU
		{5534BBF4-EF1E-4094-A510-11A3A969EA8A}.Debug|Any CPU.Build.0 = Debug|Any CPU
		{5534BBF4-EF1E-4094-A510-11A3A969EA8A}.Release|Any CPU.ActiveCfg = Release|Any CPU
		{5534BBF4-EF1E-4094-A510-11A3A969EA8A}.Release|Any CPU.Build.0 = Release|Any CPU
	EndGlobalSection
	GlobalSection(SolutionProperties) = preSolution
		HideSolutionNode = FALSE
	EndGlobalSection
	GlobalSection(ExtensibilityGlobals) = postSolution
		SolutionGuid = {75057115-EB6E-4178-8B45-6C5A5B489971}
	EndGlobalSection
EndGlobal
